
Microsoft Visual Studio Solution File, Format Version 12.00
# Visual Studio Version 17
VisualStudioVersion = 17.0.32112.339
MinimumVisualStudioVersion = 10.0.40219.1
Project("{9A19103F-16F7-4668-BE54-9A1E7A4F7556}") = "QueueTriggerDI", "QueueTriggerDI\QueueTriggerDI.csproj", "{F99A481F-1EF0-46E7-88E1-12EBB451391D}"
EndProject
Project("{9A19103F-16F7-4668-BE54-9A1E7A4F7556}") = "QueueTriggerDI.Storage", "QueueTriggerDI.Service\QueueTriggerDI.Storage.csproj", "{30F8B5B4-479E-4AD4-8550-D935049EBC87}"
EndProject
Project("{9A19103F-16F7-4668-BE54-9A1E7A4F7556}") = "QueueTriggerDI.Context", "QueueTriggerDI.Context\QueueTriggerDI.Context.csproj", "{D31A498E-8D5F-48E3-A52A-39B1F6B11EAD}"
EndProject
Project("{9A19103F-16F7-4668-BE54-9A1E7A4F7556}") = "QueueTriggerDI.API", "QueueTriggerDI.API\QueueTriggerDI.API.csproj", "{8D170004-26F4-46E2-A4B0-873D55F119D5}"
EndProject
Project("{FAE04EC0-301F-11D3-BF4B-00C04F79EFBC}") = "QueueTriggerDI.Queues", "QueueTriggerDI.Queues\QueueTriggerDI.Queues.csproj", "{7582335C-663A-4CA8-82CE-53C693D7537F}"
EndProject
Project("{FAE04EC0-301F-11D3-BF4B-00C04F79EFBC}") = "QueueTriggerDI.Tables", "QueueTriggerDI.Tables\QueueTriggerDI.Tables.csproj", "{9A0BA353-2B7C-459A-919C-46B9581C4991}"
EndProject
Project("{FAE04EC0-301F-11D3-BF4B-00C04F79EFBC}") = "QueueTrigger.CosmosDB", "QueueTrigger.CosmosDB\QueueTrigger.CosmosDB.csproj", "{18C3C380-77B4-4D72-892A-46B26D843F19}"
EndProject
Global
	GlobalSection(SolutionConfigurationPlatforms) = preSolution
		Debug|Any CPU = Debug|Any CPU
		Release|Any CPU = Release|Any CPU
	EndGlobalSection
	GlobalSection(ProjectConfigurationPlatforms) = postSolution
		{F99A481F-1EF0-46E7-88E1-12EBB451391D}.Debug|Any CPU.ActiveCfg = Debug|Any CPU
		{F99A481F-1EF0-46E7-88E1-12EBB451391D}.Debug|Any CPU.Build.0 = Debug|Any CPU
		{F99A481F-1EF0-46E7-88E1-12EBB451391D}.Release|Any CPU.ActiveCfg = Release|Any CPU
		{F99A481F-1EF0-46E7-88E1-12EBB451391D}.Release|Any CPU.Build.0 = Release|Any CPU
		{30F8B5B4-479E-4AD4-8550-D935049EBC87}.Debug|Any CPU.ActiveCfg = Debug|Any CPU
		{30F8B5B4-479E-4AD4-8550-D935049EBC87}.Debug|Any CPU.Build.0 = Debug|Any CPU
		{30F8B5B4-479E-4AD4-8550-D935049EBC87}.Release|Any CPU.ActiveCfg = Release|Any CPU
		{30F8B5B4-479E-4AD4-8550-D935049EBC87}.Release|Any CPU.Build.0 = Release|Any CPU
		{D31A498E-8D5F-48E3-A52A-39B1F6B11EAD}.Debug|Any CPU.ActiveCfg = Debug|Any CPU
		{D31A498E-8D5F-48E3-A52A-39B1F6B11EAD}.Debug|Any CPU.Build.0 = Debug|Any CPU
		{D31A498E-8D5F-48E3-A52A-39B1F6B11EAD}.Release|Any CPU.ActiveCfg = Release|Any CPU
		{D31A498E-8D5F-48E3-A52A-39B1F6B11EAD}.Release|Any CPU.Build.0 = Release|Any CPU
		{8D170004-26F4-46E2-A4B0-873D55F119D5}.Debug|Any CPU.ActiveCfg = Debug|Any CPU
		{8D170004-26F4-46E2-A4B0-873D55F119D5}.Debug|Any CPU.Build.0 = Debug|Any CPU
		{8D170004-26F4-46E2-A4B0-873D55F119D5}.Release|Any CPU.ActiveCfg = Release|Any CPU
		{8D170004-26F4-46E2-A4B0-873D55F119D5}.Release|Any CPU.Build.0 = Release|Any CPU
		{7582335C-663A-4CA8-82CE-53C693D7537F}.Debug|Any CPU.ActiveCfg = Debug|Any CPU
		{7582335C-663A-4CA8-82CE-53C693D7537F}.Debug|Any CPU.Build.0 = Debug|Any CPU
		{7582335C-663A-4CA8-82CE-53C693D7537F}.Release|Any CPU.ActiveCfg = Release|Any CPU
		{7582335C-663A-4CA8-82CE-53C693D7537F}.Release|Any CPU.Build.0 = Release|Any CPU
		{9A0BA353-2B7C-459A-919C-46B9581C4991}.Debug|Any CPU.ActiveCfg = Debug|Any CPU
		{9A0BA353-2B7C-459A-919C-46B9581C4991}.Debug|Any CPU.Build.0 = Debug|Any CPU
		{9A0BA353-2B7C-459A-919C-46B9581C4991}.Release|Any CPU.ActiveCfg = Release|Any CPU
		{9A0BA353-2B7C-459A-919C-46B9581C4991}.Release|Any CPU.Build.0 = Release|Any CPU
		{18C3C380-77B4-4D72-892A-46B26D843F19}.Debug|Any CPU.ActiveCfg = Debug|Any CPU
		{18C3C380-77B4-4D72-892A-46B26D843F19}.Debug|Any CPU.Build.0 = Debug|Any CPU
		{18C3C380-77B4-4D72-892A-46B26D843F19}.Release|Any CPU.ActiveCfg = Release|Any CPU
		{18C3C380-77B4-4D72-892A-46B26D843F19}.Release|Any CPU.Build.0 = Release|Any CPU
	EndGlobalSection
	GlobalSection(SolutionProperties) = preSolution
		HideSolutionNode = FALSE
	EndGlobalSection
	GlobalSection(ExtensibilityGlobals) = postSolution
		SolutionGuid = {6303A090-5949-4374-931C-76857D6C49DC}
	EndGlobalSection
EndGlobal
